PODS:
  - Analytics (3.0.7)
  - OCMock (3.3.1)
  - Segment-UrbanAirship (1.0.2):
    - Analytics (~> 3.0.0)
    - UrbanAirship-iOS-SDK (~> 8.0.1)
  - UrbanAirship-iOS-SDK (8.0.1)

DEPENDENCIES:
  - OCMock
  - Segment-UrbanAirship (from `..`)

EXTERNAL SOURCES:
  Segment-UrbanAirship:
    :path: ".."

SPEC CHECKSUMS:
  Analytics: b342fb4f43fa4f97ca6f4358b44d3295217ba294
  OCMock: f3f61e6eaa16038c30caa5798c5e49d3307b6f22
  Segment-UrbanAirship: 359bd28d69493df0bee17ed1518c1dd8f2befa43
  UrbanAirship-iOS-SDK: a4ff01ef90d5b32508818da5b8385828513702f9

PODFILE CHECKSUM: dbd8851494cf816c26fcdebfdca7416ad84860ee

COCOAPODS: 1.1.0.rc.2
